
Microsoft Visual Studio Solution File, Format Version 12.00
# Visual Studio Version 17
VisualStudioVersion = 17.7.34202.233
MinimumVisualStudioVersion = 10.0.40219.1
Project("{FAE04EC0-301F-11D3-BF4B-00C04F79EFBC}") = "Week_6", "Week_6\Week_6.csproj", "{51C7897C-14CE-473B-829E-25A5B022D45C}"
EndProject
Global
	GlobalSection(SolutionConfigurationPlatforms) = preSolution
		Debug|Any CPU = Debug|Any CPU
		Release|Any CPU = Release|Any CPU
	EndGlobalSection
	GlobalSection(ProjectConfigurationPlatforms) = postSolution
		{51C7897C-14CE-473B-829E-25A5B022D45C}.Debug|Any CPU.ActiveCfg = Debug|Any CPU
		{51C7897C-14CE-473B-829E-25A5B022D45C}.Debug|Any CPU.Build.0 = Debug|Any CPU
		{51C7897C-14CE-473B-829E-25A5B022D45C}.Release|Any CPU.ActiveCfg = Release|Any CPU
		{51C7897C-14CE-473B-829E-25A5B022D45C}.Release|Any CPU.Build.0 = Release|Any CPU
	EndGlobalSection
	GlobalSection(SolutionProperties) = preSolution
		HideSolutionNode = FALSE
	EndGlobalSection
	GlobalSection(ExtensibilityGlobals) = postSolution
		SolutionGuid = {F7BBBD82-0E2C-4FA1-B905-6577968E58E5}
	EndGlobalSection
EndGlobal
