
Microsoft Visual Studio Solution File, Format Version 12.00
# Visual Studio Version 17
VisualStudioVersion = 17.7.34202.233
MinimumVisualStudioVersion = 10.0.40219.1
Project("{9A19103F-16F7-4668-BE54-9A1E7A4F7556}") = "C#Programming", "C#Programming\C#Programming.csproj", "{3A2739E5-76DC-4A80-A6C9-F796150FF162}"
EndProject
Project("{FAE04EC0-301F-11D3-BF4B-00C04F79EFBC}") = "Form1", "Form1\Form1.csproj", "{D8997E5C-4D38-46D3-A41B-95C93277C5F6}"
EndProject
Global
	GlobalSection(SolutionConfigurationPlatforms) = preSolution
		Debug|Any CPU = Debug|Any CPU
		Release|Any CPU = Release|Any CPU
	EndGlobalSection
	GlobalSection(ProjectConfigurationPlatforms) = postSolution
		{3A2739E5-76DC-4A80-A6C9-F796150FF162}.Debug|Any CPU.ActiveCfg = Debug|Any CPU
		{3A2739E5-76DC-4A80-A6C9-F796150FF162}.Debug|Any CPU.Build.0 = Debug|Any CPU
		{3A2739E5-76DC-4A80-A6C9-F796150FF162}.Release|Any CPU.ActiveCfg = Release|Any CPU
		{3A2739E5-76DC-4A80-A6C9-F796150FF162}.Release|Any CPU.Build.0 = Release|Any CPU
		{D8997E5C-4D38-46D3-A41B-95C93277C5F6}.Debug|Any CPU.ActiveCfg = Debug|Any CPU
		{D8997E5C-4D38-46D3-A41B-95C93277C5F6}.Debug|Any CPU.Build.0 = Debug|Any CPU
		{D8997E5C-4D38-46D3-A41B-95C93277C5F6}.Release|Any CPU.ActiveCfg = Release|Any CPU
		{D8997E5C-4D38-46D3-A41B-95C93277C5F6}.Release|Any CPU.Build.0 = Release|Any CPU
	EndGlobalSection
	GlobalSection(SolutionProperties) = preSolution
		HideSolutionNode = FALSE
	EndGlobalSection
	GlobalSection(ExtensibilityGlobals) = postSolution
		SolutionGuid = {B541E104-EF3D-4706-84D7-BE8C59F699C8}
	EndGlobalSection
EndGlobal
